
Microsoft Visual Studio Solution File, Format Version 12.00
# Visual Studio Version 16
VisualStudioVersion = 16.0.28902.138
MinimumVisualStudioVersion = 10.0.40219.1
Project("{FAE04EC0-301F-11D3-BF4B-00C04F79EFBC}") = "DotnetSpectrumEngine.Core", "DotnetSpectrumEngine.Core\DotnetSpectrumEngine.Core.csproj", "{444CAB78-92A8-4794-94DA-47EE853C04F3}"
EndProject
Global
	GlobalSection(SolutionConfigurationPlatforms) = preSolution
		Debug|Any CPU = Debug|Any CPU
		Release|Any CPU = Release|Any CPU
	EndGlobalSection
	GlobalSection(ProjectConfigurationPlatforms) = postSolution
		{444CAB78-92A8-4794-94DA-47EE853C04F3}.Debug|Any CPU.ActiveCfg = Debug|Any CPU
		{444CAB78-92A8-4794-94DA-47EE853C04F3}.Debug|Any CPU.Build.0 = Debug|Any CPU
		{444CAB78-92A8-4794-94DA-47EE853C04F3}.Release|Any CPU.ActiveCfg = Release|Any CPU
		{444CAB78-92A8-4794-94DA-47EE853C04F3}.Release|Any CPU.Build.0 = Release|Any CPU
	EndGlobalSection
	GlobalSection(SolutionProperties) = preSolution
		HideSolutionNode = FALSE
	EndGlobalSection
	GlobalSection(ExtensibilityGlobals) = postSolution
		SolutionGuid = {4B407C81-5E06-48DD-BB91-EF3965650BB6}
	EndGlobalSection
EndGlobal
